{
    "_readme": [
        "This file locks the dependencies of your project to a known state",
        "Read more about it at https://getcomposer.org/doc/01-basic-usage.md#composer-lock-the-lock-file",
        "This file is @generated automatically"
    ],
    "content-hash": "764a67296bd44c203794a59f46859584",
    "packages": [
        {
            "name": "itvisionsy/simple-orm",
            "version": "v1.0.0",
            "source": {
                "type": "git",
                "url": "https://github.com/itvisionsy/php-simple-orm.git",
                "reference": "64eba86d239469c35b3ee38bdd6520f5f1c28278"
            },
            "dist": {
                "type": "zip",
                "url": "https://api.github.com/repos/itvisionsy/php-simple-orm/zipball/64eba86d239469c35b3ee38bdd6520f5f1c28278",
                "reference": "64eba86d239469c35b3ee38bdd6520f5f1c28278",
                "shasum": ""
            },
            "require": {
                "php": ">=5.4"
            },
            "require-dev": {
                "php": ">=5.6",
                "phpunit/phpunit": "^5.7"
            },
            "type": "library",
            "autoload": {
                "psr-4": {
                    "ItvisionSy\\SimpleORM\\": "src/"
                }
            },
            "notification-url": "https://packagist.org/downloads/",
            "license": [
                "MIT"
            ],
            "authors": [
                {
                    "name": "Alex Joyce",
                    "email": "im@alex-joyce.com"
                },
                {
                    "name": "Muhannad Shelleh",
                    "email": "muhannad.shelleh@live.com"
                }
            ],
            "description": "A simple PHP class to access your MySQL records.",
            "keywords": [
                "database",
                "mysql",
                "orm",
                "pdo",
                "php"
            ],
            "time": "2017-03-26T13:46:53+00:00"
        },
        {
            "name": "j7mbo/twitter-api-php",
            "version": "1.0.6",
            "source": {
                "type": "git",
                "url": "https://github.com/J7mbo/twitter-api-php.git",
                "reference": "443d22c53d621b3cc6b7e0c56daa60c5ada033f7"
            },
            "dist": {
                "type": "zip",
                "url": "https://api.github.com/repos/J7mbo/twitter-api-php/zipball/443d22c53d621b3cc6b7e0c56daa60c5ada033f7",
                "reference": "443d22c53d621b3cc6b7e0c56daa60c5ada033f7",
                "shasum": ""
            },
            "require": {
                "ext-curl": "*"
            },
            "require-dev": {
                "phpunit/phpunit": "~4.5,>=4.5.1"
            },
            "type": "library",
            "extra": {
                "branch-alias": {
                    "dev-master": "1.0-dev"
                }
            },
            "autoload": {
                "classmap": [
                    "TwitterAPIExchange.php"
                ]
            },
            "notification-url": "https://packagist.org/downloads/",
            "license": [
                "GNU Public License"
            ],
            "authors": [
                {
                    "name": "James Mallison",
                    "homepage": "https://github.com/j7mbo/twitter-api-php"
                }
            ],
            "description": "Simple PHP Wrapper for Twitter API v1.1 calls",
            "homepage": "https://github.com/j7mbo/twitter-api-php",
            "keywords": [
                "api",
                "php",
                "twitter"
            ],
            "time": "2017-05-08T12:10:56+00:00"
        }
    ],
    "packages-dev": [],
    "aliases": [],
    "minimum-stability": "stable",
    "stability-flags": [],
    "prefer-stable": false,
    "prefer-lowest": false,
    "platform": [],
    "platform-dev": []
}
